<Solution>
  <Folder Name="/src/">
    <Project Path="src/ClimateProject.Api/ClimateProject.Api.csproj" />
    <Project Path="src/ClimateProject.Application/ClimateProject.Application.csproj" />
    <Project Path="src/ClimateProject.Domain/ClimateProject.Domain.csproj" />
    <Project Path="src/ClimateProject.Infrastructure/ClimateProject.Infrastructure.csproj" />
    <Project Path="src/ClimateProject.Workers/ClimateProject.Workers.csproj" />
  </Folder>
  <Folder Name="/tests/">
    <Project Path="tests/ClimateProject.IntegrationTests/ClimateProject.IntegrationTests.csproj" />
    <Project Path="tests/ClimateProject.UnitTests/ClimateProject.UnitTests.csproj" />
  </Folder>
</Solution>
